
Microsoft Visual Studio Solution File, Format Version 12.00
# Visual Studio Version 16
VisualStudioVersion = 16.0.30011.22
MinimumVisualStudioVersion = 10.0.40219.1
Project("{2150E333-8FDC-42A3-9474-1A3956D46DE8}") = "src", "src", "{4A79C38C-89EE-469C-86E8-8873A7D21CA8}"
EndProject
Project("{2150E333-8FDC-42A3-9474-1A3956D46DE8}") = "tests", "tests", "{E7D628A7-D07B-4A69-A800-5584DA516297}"
EndProject
Project("{2150E333-8FDC-42A3-9474-1A3956D46DE8}") = "0 - Enterprise Business Rule", "0 - Enterprise Business Rule", "{B11586A0-AD83-4D51-AA04-71AED35054BD}"
EndProject
Project("{2150E333-8FDC-42A3-9474-1A3956D46DE8}") = "1 - Application Business Rule", "1 - Application Business Rule", "{C24DB753-C40D-448F-9747-CE09D31D085A}"
EndProject
Project("{2150E333-8FDC-42A3-9474-1A3956D46DE8}") = "2 - Interface Adapters", "2 - Interface Adapters", "{BB54AB77-3864-4A52-9E04-F1CD30849434}"
EndProject
Project("{2150E333-8FDC-42A3-9474-1A3956D46DE8}") = "3 - Framework and Drivers", "3 - Framework and Drivers", "{601A4B68-B065-4220-85F5-E0DF829B0310}"
EndProject
Project("{9A19103F-16F7-4668-BE54-9A1E7A4F7556}") = "SIGO.Usuarios.Entities", "src\SIGO.Usuarios.Entities\SIGO.Usuarios.Entities.csproj", "{FC434C84-5ED3-4044-83FB-7FCCAE22551F}"
EndProject
Project("{9A19103F-16F7-4668-BE54-9A1E7A4F7556}") = "SIGO.Usuarios.Application", "src\SIGO.Usuarios.Application\SIGO.Usuarios.Application.csproj", "{3A7E5085-91E6-49C0-B67E-E02FF857876F}"
EndProject
Project("{9A19103F-16F7-4668-BE54-9A1E7A4F7556}") = "SIGO.Usuarios.API", "src\SIGO.Usuarios.API\SIGO.Usuarios.API.csproj", "{02EB96E1-0DD2-4BF5-9C65-56E51AF0191D}"
EndProject
Project("{9A19103F-16F7-4668-BE54-9A1E7A4F7556}") = "SIGO.Usuarios.Data", "src\SIGO.Usuarios.Data\SIGO.Usuarios.Data.csproj", "{AE449286-F11F-4E7D-A2FC-2D3F02978E4F}"
EndProject
Project("{9A19103F-16F7-4668-BE54-9A1E7A4F7556}") = "SIGO.Usuarios.Integrations", "src\SIGO.Usuarios.Integrations\SIGO.Usuarios.Integrations.csproj", "{CA5E771D-E55D-461C-9729-F6390601A83B}"
EndProject
Project("{2150E333-8FDC-42A3-9474-1A3956D46DE8}") = "1 - Application Business Rule", "1 - Application Business Rule", "{2C3AB432-3F4B-4563-93B4-A06EBA842F92}"
EndProject
Project("{9A19103F-16F7-4668-BE54-9A1E7A4F7556}") = "SIGO.Usuarios.Test.Application", "tests\SIGO.Usuarios.Test.Application\SIGO.Usuarios.Test.Application.csproj", "{ED834510-83BF-444C-81AE-0CD95B1737CB}"
EndProject
Project("{9A19103F-16F7-4668-BE54-9A1E7A4F7556}") = "SIGO.Usuarios.Security", "src\SIGO.Usuarios.Security\SIGO.Usuarios.Security.csproj", "{5341BF3F-0CEB-4853-88B7-B1FD1F7D8089}"
EndProject
Project("{2150E333-8FDC-42A3-9474-1A3956D46DE8}") = "2 - Interface Adapters", "2 - Interface Adapters", "{E4E745E3-8A21-4FCC-B19A-C2B12CEED0AD}"
EndProject
Project("{9A19103F-16F7-4668-BE54-9A1E7A4F7556}") = "SIGO.Usuarios.Test.Api", "tests\SIGO.Usuarios.Test.Api\SIGO.Usuarios.Test.Api.csproj", "{4139EB5E-630D-4ADD-ACD5-DE5488A92374}"
EndProject
Project("{2150E333-8FDC-42A3-9474-1A3956D46DE8}") = "3 - Framework and Drivers", "3 - Framework and Drivers", "{5F20AB7D-5427-485B-85A9-2CB02F33FE00}"
EndProject
Project("{9A19103F-16F7-4668-BE54-9A1E7A4F7556}") = "SIGO.Usuarios.Test.Security", "tests\SIGO.Usuarios.Test.Security\SIGO.Usuarios.Test.Security.csproj", "{31FB93E3-A8CE-4FFF-AE91-CAFC909C3194}"
EndProject
Project("{FAE04EC0-301F-11D3-BF4B-00C04F79EFBC}") = "SIGO.Usuarios.Tests.Data", "tests\SIGO.Usuarios.Tests.Data\SIGO.Usuarios.Tests.Data.csproj", "{E850A232-FB7B-41C5-8F9A-127081CA4CE8}"
EndProject
Global
	GlobalSection(SolutionConfigurationPlatforms) = preSolution
		Debug|Any CPU = Debug|Any CPU
		Release|Any CPU = Release|Any CPU
	EndGlobalSection
	GlobalSection(ProjectConfigurationPlatforms) = postSolution
		{FC434C84-5ED3-4044-83FB-7FCCAE22551F}.Debug|Any CPU.ActiveCfg = Debug|Any CPU
		{FC434C84-5ED3-4044-83FB-7FCCAE22551F}.Debug|Any CPU.Build.0 = Debug|Any CPU
		{FC434C84-5ED3-4044-83FB-7FCCAE22551F}.Release|Any CPU.ActiveCfg = Release|Any CPU
		{FC434C84-5ED3-4044-83FB-7FCCAE22551F}.Release|Any CPU.Build.0 = Release|Any CPU
		{3A7E5085-91E6-49C0-B67E-E02FF857876F}.Debug|Any CPU.ActiveCfg = Debug|Any CPU
		{3A7E5085-91E6-49C0-B67E-E02FF857876F}.Debug|Any CPU.Build.0 = Debug|Any CPU
		{3A7E5085-91E6-49C0-B67E-E02FF857876F}.Release|Any CPU.ActiveCfg = Release|Any CPU
		{3A7E5085-91E6-49C0-B67E-E02FF857876F}.Release|Any CPU.Build.0 = Release|Any CPU
		{02EB96E1-0DD2-4BF5-9C65-56E51AF0191D}.Debug|Any CPU.ActiveCfg = Debug|Any CPU
		{02EB96E1-0DD2-4BF5-9C65-56E51AF0191D}.Debug|Any CPU.Build.0 = Debug|Any CPU
		{02EB96E1-0DD2-4BF5-9C65-56E51AF0191D}.Release|Any CPU.ActiveCfg = Release|Any CPU
		{02EB96E1-0DD2-4BF5-9C65-56E51AF0191D}.Release|Any CPU.Build.0 = Release|Any CPU
		{AE449286-F11F-4E7D-A2FC-2D3F02978E4F}.Debug|Any CPU.ActiveCfg = Debug|Any CPU
		{AE449286-F11F-4E7D-A2FC-2D3F02978E4F}.Debug|Any CPU.Build.0 = Debug|Any CPU
		{AE449286-F11F-4E7D-A2FC-2D3F02978E4F}.Release|Any CPU.ActiveCfg = Release|Any CPU
		{AE449286-F11F-4E7D-A2FC-2D3F02978E4F}.Release|Any CPU.Build.0 = Release|Any CPU
		{CA5E771D-E55D-461C-9729-F6390601A83B}.Debug|Any CPU.ActiveCfg = Debug|Any CPU
		{CA5E771D-E55D-461C-9729-F6390601A83B}.Debug|Any CPU.Build.0 = Debug|Any CPU
		{CA5E771D-E55D-461C-9729-F6390601A83B}.Release|Any CPU.ActiveCfg = Release|Any CPU
		{CA5E771D-E55D-461C-9729-F6390601A83B}.Release|Any CPU.Build.0 = Release|Any CPU
		{ED834510-83BF-444C-81AE-0CD95B1737CB}.Debug|Any CPU.ActiveCfg = Debug|Any CPU
		{ED834510-83BF-444C-81AE-0CD95B1737CB}.Debug|Any CPU.Build.0 = Debug|Any CPU
		{ED834510-83BF-444C-81AE-0CD95B1737CB}.Release|Any CPU.ActiveCfg = Release|Any CPU
		{ED834510-83BF-444C-81AE-0CD95B1737CB}.Release|Any CPU.Build.0 = Release|Any CPU
		{5341BF3F-0CEB-4853-88B7-B1FD1F7D8089}.Debug|Any CPU.ActiveCfg = Debug|Any CPU
		{5341BF3F-0CEB-4853-88B7-B1FD1F7D8089}.Debug|Any CPU.Build.0 = Debug|Any CPU
		{5341BF3F-0CEB-4853-88B7-B1FD1F7D8089}.Release|Any CPU.ActiveCfg = Release|Any CPU
		{5341BF3F-0CEB-4853-88B7-B1FD1F7D8089}.Release|Any CPU.Build.0 = Release|Any CPU
		{4139EB5E-630D-4ADD-ACD5-DE5488A92374}.Debug|Any CPU.ActiveCfg = Debug|Any CPU
		{4139EB5E-630D-4ADD-ACD5-DE5488A92374}.Debug|Any CPU.Build.0 = Debug|Any CPU
		{4139EB5E-630D-4ADD-ACD5-DE5488A92374}.Release|Any CPU.ActiveCfg = Release|Any CPU
		{4139EB5E-630D-4ADD-ACD5-DE5488A92374}.Release|Any CPU.Build.0 = Release|Any CPU
		{31FB93E3-A8CE-4FFF-AE91-CAFC909C3194}.Debug|Any CPU.ActiveCfg = Debug|Any CPU
		{31FB93E3-A8CE-4FFF-AE91-CAFC909C3194}.Debug|Any CPU.Build.0 = Debug|Any CPU
		{31FB93E3-A8CE-4FFF-AE91-CAFC909C3194}.Release|Any CPU.ActiveCfg = Release|Any CPU
		{31FB93E3-A8CE-4FFF-AE91-CAFC909C3194}.Release|Any CPU.Build.0 = Release|Any CPU
		{E850A232-FB7B-41C5-8F9A-127081CA4CE8}.Debug|Any CPU.ActiveCfg = Debug|Any CPU
		{E850A232-FB7B-41C5-8F9A-127081CA4CE8}.Debug|Any CPU.Build.0 = Debug|Any CPU
		{E850A232-FB7B-41C5-8F9A-127081CA4CE8}.Release|Any CPU.ActiveCfg = Release|Any CPU
		{E850A232-FB7B-41C5-8F9A-127081CA4CE8}.Release|Any CPU.Build.0 = Release|Any CPU
	EndGlobalSection
	GlobalSection(SolutionProperties) = preSolution
		HideSolutionNode = FALSE
	EndGlobalSection
	GlobalSection(NestedProjects) = preSolution
		{B11586A0-AD83-4D51-AA04-71AED35054BD} = {4A79C38C-89EE-469C-86E8-8873A7D21CA8}
		{C24DB753-C40D-448F-9747-CE09D31D085A} = {4A79C38C-89EE-469C-86E8-8873A7D21CA8}
		{BB54AB77-3864-4A52-9E04-F1CD30849434} = {4A79C38C-89EE-469C-86E8-8873A7D21CA8}
		{601A4B68-B065-4220-85F5-E0DF829B0310} = {4A79C38C-89EE-469C-86E8-8873A7D21CA8}
		{FC434C84-5ED3-4044-83FB-7FCCAE22551F} = {B11586A0-AD83-4D51-AA04-71AED35054BD}
		{3A7E5085-91E6-49C0-B67E-E02FF857876F} = {C24DB753-C40D-448F-9747-CE09D31D085A}
		{02EB96E1-0DD2-4BF5-9C65-56E51AF0191D} = {BB54AB77-3864-4A52-9E04-F1CD30849434}
		{AE449286-F11F-4E7D-A2FC-2D3F02978E4F} = {601A4B68-B065-4220-85F5-E0DF829B0310}
		{CA5E771D-E55D-461C-9729-F6390601A83B} = {601A4B68-B065-4220-85F5-E0DF829B0310}
		{2C3AB432-3F4B-4563-93B4-A06EBA842F92} = {E7D628A7-D07B-4A69-A800-5584DA516297}
		{ED834510-83BF-444C-81AE-0CD95B1737CB} = {2C3AB432-3F4B-4563-93B4-A06EBA842F92}
		{5341BF3F-0CEB-4853-88B7-B1FD1F7D8089} = {601A4B68-B065-4220-85F5-E0DF829B0310}
		{E4E745E3-8A21-4FCC-B19A-C2B12CEED0AD} = {E7D628A7-D07B-4A69-A800-5584DA516297}
		{4139EB5E-630D-4ADD-ACD5-DE5488A92374} = {E4E745E3-8A21-4FCC-B19A-C2B12CEED0AD}
		{5F20AB7D-5427-485B-85A9-2CB02F33FE00} = {E7D628A7-D07B-4A69-A800-5584DA516297}
		{31FB93E3-A8CE-4FFF-AE91-CAFC909C3194} = {5F20AB7D-5427-485B-85A9-2CB02F33FE00}
		{E850A232-FB7B-41C5-8F9A-127081CA4CE8} = {5F20AB7D-5427-485B-85A9-2CB02F33FE00}
	EndGlobalSection
	GlobalSection(ExtensibilityGlobals) = postSolution
		SolutionGuid = {4F061E09-F18D-4CF4-9879-448FECF6B58C}
	EndGlobalSection
EndGlobal
